
Microsoft Visual Studio Solution File, Format Version 12.00
# Visual Studio Version 16
VisualStudioVersion = 16.0.34031.81
MinimumVisualStudioVersion = 10.0.40219.1
Project("{2150E333-8FDC-42A3-9474-1A3956D46DE8}") = "Task0", "Task0", "{A80C9DA8-C833-424A-99D4-0FF33BF62ADD}"
EndProject
Project("{FAE04EC0-301F-11D3-BF4B-00C04F79EFBC}") = "Tyuiu.KonovalovaAO.Sprint2.Task0.V3", "Tyuiu.KonovalovaAO.Sprint2.Task0.V3\Tyuiu.KonovalovaAO.Sprint2.Task0.V3.csproj", "{5A33FB93-CF86-44C3-BC7D-550B94B5C8E0}"
EndProject
Project("{FAE04EC0-301F-11D3-BF4B-00C04F79EFBC}") = "Tyuiu.KonovalovaAO.Sprint2.Task0.V3.Lib", "Tyuiu.KonovalovaAO.Sprint2.Task0.V3.Lib\Tyuiu.KonovalovaAO.Sprint2.Task0.V3.Lib.csproj", "{C0B0D2CE-B4DE-4EDE-8DF7-7408EC234E7D}"
EndProject
Project("{FAE04EC0-301F-11D3-BF4B-00C04F79EFBC}") = "Tyuiu.KonovalovaAO.Sprint2.Task0.V3.Test", "Tyuiu.KonovalovaAO.Sprint2.Task0.V3.Test\Tyuiu.KonovalovaAO.Sprint2.Task0.V3.Test.csproj", "{52212C30-C164-49AB-96C5-DC4384D5AD6F}"
EndProject
Project("{2150E333-8FDC-42A3-9474-1A3956D46DE8}") = "Task1", "Task1", "{9F9F878E-EF9A-4CA4-B3BB-0D0674B6DB7C}"
EndProject
Project("{FAE04EC0-301F-11D3-BF4B-00C04F79EFBC}") = "Tyuiu.KonovalovaAO.Sprint2.Task1.V11", "Tyuiu.KonovalovaAO.Sprint2.Task1.V11\Tyuiu.KonovalovaAO.Sprint2.Task1.V11.csproj", "{3E8C8411-78FB-49E2-A6E3-81D2C12599B3}"
EndProject
Project("{FAE04EC0-301F-11D3-BF4B-00C04F79EFBC}") = "Tyuiu.KonovalovaAO.Sprint2.Task1.V11.Lib", "Tyuiu.KonovalovaAO.Sprint2.Task1.V11.Lib\Tyuiu.KonovalovaAO.Sprint2.Task1.V11.Lib.csproj", "{F66F4F9D-EB4C-43EB-B092-CC3BB1D1CEDE}"
EndProject
Project("{FAE04EC0-301F-11D3-BF4B-00C04F79EFBC}") = "Tyuiu.KonovalovaAO.Sprint2.Task1.V11.Test", "Tyuiu.KonovalovaAO.Sprint2.Task1.V11.Test\Tyuiu.KonovalovaAO.Sprint2.Task1.V11.Test.csproj", "{F7FCCE57-ABD7-4662-853A-CCB4AA9C5541}"
EndProject
Project("{2150E333-8FDC-42A3-9474-1A3956D46DE8}") = "Task2", "Task2", "{A80C8E93-35EF-4D51-8B3E-0FFC1163B75D}"
EndProject
Project("{FAE04EC0-301F-11D3-BF4B-00C04F79EFBC}") = "Tyuiu.KonovalovaAO.Sprint2.Task2.V3", "Tyuiu.KonovalovaAO.Sprint2.Task2.V3\Tyuiu.KonovalovaAO.Sprint2.Task2.V3.csproj", "{C4A1DD4B-658E-4CCB-ADBD-E56B2FBC04D2}"
EndProject
Project("{FAE04EC0-301F-11D3-BF4B-00C04F79EFBC}") = "Tyuiu.KonovalovaAO.Sprint2.Task2.V3.Lib", "Tyuiu.KonovalovaAO.Sprint2.Task2.V3.Lib\Tyuiu.KonovalovaAO.Sprint2.Task2.V3.Lib.csproj", "{4404611C-0B91-4041-A172-7F785BA58008}"
EndProject
Project("{FAE04EC0-301F-11D3-BF4B-00C04F79EFBC}") = "Tyuiu.KonovalovaAO.Sprint2.Task2.V3.Test", "Tyuiu.KonovalovaAO.Sprint2.Task2.V3.Test\Tyuiu.KonovalovaAO.Sprint2.Task2.V3.Test.csproj", "{E857E307-FF42-4115-81DC-5C0BB829BA53}"
EndProject
Project("{2150E333-8FDC-42A3-9474-1A3956D46DE8}") = "Task3", "Task3", "{A30EBB3E-BD22-41FF-82F7-7A0B830909B8}"
EndProject
Project("{FAE04EC0-301F-11D3-BF4B-00C04F79EFBC}") = "Tyuiu.KonovalovaAO.Sprint2.Task3.V17", "Tyuiu.KonovalovaAO.Sprint2.Task3.V17\Tyuiu.KonovalovaAO.Sprint2.Task3.V17.csproj", "{8F91B1BD-97BA-4961-8CCC-DBD3D0A069B4}"
EndProject
Project("{FAE04EC0-301F-11D3-BF4B-00C04F79EFBC}") = "Tyuiu.KonovalovaAO.Sprint2.Task3.V17.Lib", "Tyuiu.KonovalovaAO.Sprint2.Task3.V17.Lib\Tyuiu.KonovalovaAO.Sprint2.Task3.V17.Lib.csproj", "{BBB4939F-23F5-454E-8DA0-238E5B5510E5}"
EndProject
Project("{FAE04EC0-301F-11D3-BF4B-00C04F79EFBC}") = "Tyuiu.KonovalovaAO.Sprint2.Task3.V17.Test", "Tyuiu.KonovalovaAO.Sprint2.Task3.V17.Test\Tyuiu.KonovalovaAO.Sprint2.Task3.V17.Test.csproj", "{2D8A5B99-6039-4BF3-AD01-D3B61A9213D7}"
EndProject
Project("{2150E333-8FDC-42A3-9474-1A3956D46DE8}") = "Task4", "Task4", "{7133BFC9-0A6A-4470-B878-AF0E699BAAE2}"
EndProject
Project("{FAE04EC0-301F-11D3-BF4B-00C04F79EFBC}") = "Tyuiu.KonovalovaAO.Sprint2.Task4.V15", "Tyuiu.KonovalovaAO.Sprint2.Task4.V15\Tyuiu.KonovalovaAO.Sprint2.Task4.V15.csproj", "{F2247AF4-3EDA-4342-B387-BE7549658A26}"
EndProject
Project("{FAE04EC0-301F-11D3-BF4B-00C04F79EFBC}") = "Tyuiu.KonovalovaAO.Sprint2.Task4.V15.Lib", "Tyuiu.KonovalovaAO.Sprint2.Task4.V15.Lib\Tyuiu.KonovalovaAO.Sprint2.Task4.V15.Lib.csproj", "{1B8CBF20-A5DD-4804-ABFC-BD2BC0EC83B2}"
EndProject
Project("{FAE04EC0-301F-11D3-BF4B-00C04F79EFBC}") = "Tyuiu.KonovalovaAO.Sprint2.Task4.V15.Test", "Tyuiu.KonovalovaAO.Sprint2.Task4.V15.Test\Tyuiu.KonovalovaAO.Sprint2.Task4.V15.Test.csproj", "{3B1041E3-6AFC-4501-A18F-267B72BB750E}"
EndProject
Project("{2150E333-8FDC-42A3-9474-1A3956D46DE8}") = "Task5", "Task5", "{143DE6C2-BE59-4D70-87FA-12D9A10EF41A}"
EndProject
Project("{FAE04EC0-301F-11D3-BF4B-00C04F79EFBC}") = "Tyuiu.KonovalovaAO.Sprint2.Task5.V4", "Tyuiu.KonovalovaAO.Sprint2.Task5.V4\Tyuiu.KonovalovaAO.Sprint2.Task5.V4.csproj", "{DAE718F0-11E1-41D3-9E5C-0742688BD892}"
EndProject
Project("{FAE04EC0-301F-11D3-BF4B-00C04F79EFBC}") = "Tyuiu.KonovalovaAO.Sprint2.Task5.V4.Lib", "Tyuiu.KonovalovaAO.Sprint2.Task5.V4.Lib\Tyuiu.KonovalovaAO.Sprint2.Task5.V4.Lib.csproj", "{B56A8381-C339-4C30-9D67-819A1A362159}"
EndProject
Project("{FAE04EC0-301F-11D3-BF4B-00C04F79EFBC}") = "Tyuiu.KonovalovaAO.Sprint2.Task5.V4.Test", "Tyuiu.KonovalovaAO.Sprint2.Task5.V4.Test\Tyuiu.KonovalovaAO.Sprint2.Task5.V4.Test.csproj", "{C871D392-AF46-4338-ABAD-B633FE94F74A}"
EndProject
Project("{2150E333-8FDC-42A3-9474-1A3956D46DE8}") = "Task6", "Task6", "{5B2C6BA7-8497-4958-BBB3-FDA0887DF143}"
EndProject
Project("{FAE04EC0-301F-11D3-BF4B-00C04F79EFBC}") = "Tyuiu.KonovalovaAO.Sprint2.Task6.V4", "Tyuiu.KonovalovaAO.Sprint2.Task6.V4\Tyuiu.KonovalovaAO.Sprint2.Task6.V4.csproj", "{C1ED7FCA-47FC-4087-92EF-5795CAC936E3}"
EndProject
Project("{FAE04EC0-301F-11D3-BF4B-00C04F79EFBC}") = "Tyuiu.KonovalovaAO.Sprint2.Task6.V4.Lib", "Tyuiu.KonovalovaAO.Sprint2.Task6.V4.Lib\Tyuiu.KonovalovaAO.Sprint2.Task6.V4.Lib.csproj", "{07AEC0C9-9204-4216-B74B-0EC3E4F2F34E}"
EndProject
Project("{FAE04EC0-301F-11D3-BF4B-00C04F79EFBC}") = "Tyuiu.KonovalovaAO.Sprint2.Task6.V4.Test", "Tyuiu.KonovalovaAO.Sprint2.Task6.V4.Test\Tyuiu.KonovalovaAO.Sprint2.Task6.V4.Test.csproj", "{4F433493-8F55-45BA-85E4-62A8FE4DDCC9}"
EndProject
Project("{2150E333-8FDC-42A3-9474-1A3956D46DE8}") = "Task7", "Task7", "{B6969826-3C6A-4CED-92B7-92F144885FAB}"
EndProject
Project("{FAE04EC0-301F-11D3-BF4B-00C04F79EFBC}") = "Tyuiu.KonovalovaAO.Sprint2.Task7.V3", "Tyuiu.KonovalovaAO.Sprint2.Task7.V3\Tyuiu.KonovalovaAO.Sprint2.Task7.V3.csproj", "{CCB9FC85-1C93-4E81-81EC-83A09BD886FE}"
EndProject
Project("{FAE04EC0-301F-11D3-BF4B-00C04F79EFBC}") = "Tyuiu.KonovalovaAO.Sprint2.Task7.V3.Lib", "Tyuiu.KonovalovaAO.Sprint2.Task7.V3.Lib\Tyuiu.KonovalovaAO.Sprint2.Task7.V3.Lib.csproj", "{C5F2BA2A-517F-43E1-A1AF-238FCD8034B6}"
EndProject
Project("{FAE04EC0-301F-11D3-BF4B-00C04F79EFBC}") = "Tyuiu.KonovalovaAO.Sprint2.Task7.V3.Test", "Tyuiu.KonovalovaAO.Sprint2.Task7.V3.Test\Tyuiu.KonovalovaAO.Sprint2.Task7.V3.Test.csproj", "{B7C7FD4E-7518-4D85-B642-D8F6B5A22A94}"
EndProject
Global
	GlobalSection(SolutionConfigurationPlatforms) = preSolution
		Debug|Any CPU = Debug|Any CPU
		Release|Any CPU = Release|Any CPU
	EndGlobalSection
	GlobalSection(ProjectConfigurationPlatforms) = postSolution
		{5A33FB93-CF86-44C3-BC7D-550B94B5C8E0}.Debug|Any CPU.ActiveCfg = Debug|Any CPU
		{5A33FB93-CF86-44C3-BC7D-550B94B5C8E0}.Debug|Any CPU.Build.0 = Debug|Any CPU
		{5A33FB93-CF86-44C3-BC7D-550B94B5C8E0}.Release|Any CPU.ActiveCfg = Release|Any CPU
		{5A33FB93-CF86-44C3-BC7D-550B94B5C8E0}.Release|Any CPU.Build.0 = Release|Any CPU
		{C0B0D2CE-B4DE-4EDE-8DF7-7408EC234E7D}.Debug|Any CPU.ActiveCfg = Debug|Any CPU
		{C0B0D2CE-B4DE-4EDE-8DF7-7408EC234E7D}.Debug|Any CPU.Build.0 = Debug|Any CPU
		{C0B0D2CE-B4DE-4EDE-8DF7-7408EC234E7D}.Release|Any CPU.ActiveCfg = Release|Any CPU
		{C0B0D2CE-B4DE-4EDE-8DF7-7408EC234E7D}.Release|Any CPU.Build.0 = Release|Any CPU
		{52212C30-C164-49AB-96C5-DC4384D5AD6F}.Debug|Any CPU.ActiveCfg = Debug|Any CPU
		{52212C30-C164-49AB-96C5-DC4384D5AD6F}.Debug|Any CPU.Build.0 = Debug|Any CPU
		{52212C30-C164-49AB-96C5-DC4384D5AD6F}.Release|Any CPU.ActiveCfg = Release|Any CPU
		{52212C30-C164-49AB-96C5-DC4384D5AD6F}.Release|Any CPU.Build.0 = Release|Any CPU
		{3E8C8411-78FB-49E2-A6E3-81D2C12599B3}.Debug|Any CPU.ActiveCfg = Debug|Any CPU
		{3E8C8411-78FB-49E2-A6E3-81D2C12599B3}.Debug|Any CPU.Build.0 = Debug|Any CPU
		{3E8C8411-78FB-49E2-A6E3-81D2C12599B3}.Release|Any CPU.ActiveCfg = Release|Any CPU
		{3E8C8411-78FB-49E2-A6E3-81D2C12599B3}.Release|Any CPU.Build.0 = Release|Any CPU
		{F66F4F9D-EB4C-43EB-B092-CC3BB1D1CEDE}.Debug|Any CPU.ActiveCfg = Debug|Any CPU
		{F66F4F9D-EB4C-43EB-B092-CC3BB1D1CEDE}.Debug|Any CPU.Build.0 = Debug|Any CPU
		{F66F4F9D-EB4C-43EB-B092-CC3BB1D1CEDE}.Release|Any CPU.ActiveCfg = Release|Any CPU
		{F66F4F9D-EB4C-43EB-B092-CC3BB1D1CEDE}.Release|Any CPU.Build.0 = Release|Any CPU
		{F7FCCE57-ABD7-4662-853A-CCB4AA9C5541}.Debug|Any CPU.ActiveCfg = Debug|Any CPU
		{F7FCCE57-ABD7-4662-853A-CCB4AA9C5541}.Debug|Any CPU.Build.0 = Debug|Any CPU
		{F7FCCE57-ABD7-4662-853A-CCB4AA9C5541}.Release|Any CPU.ActiveCfg = Release|Any CPU
		{F7FCCE57-ABD7-4662-853A-CCB4AA9C5541}.Release|Any CPU.Build.0 = Release|Any CPU
		{C4A1DD4B-658E-4CCB-ADBD-E56B2FBC04D2}.Debug|Any CPU.ActiveCfg = Debug|Any CPU
		{C4A1DD4B-658E-4CCB-ADBD-E56B2FBC04D2}.Debug|Any CPU.Build.0 = Debug|Any CPU
		{C4A1DD4B-658E-4CCB-ADBD-E56B2FBC04D2}.Release|Any CPU.ActiveCfg = Release|Any CPU
		{C4A1DD4B-658E-4CCB-ADBD-E56B2FBC04D2}.Release|Any CPU.Build.0 = Release|Any CPU
		{4404611C-0B91-4041-A172-7F785BA58008}.Debug|Any CPU.ActiveCfg = Debug|Any CPU
		{4404611C-0B91-4041-A172-7F785BA58008}.Debug|Any CPU.Build.0 = Debug|Any CPU
		{4404611C-0B91-4041-A172-7F785BA58008}.Release|Any CPU.ActiveCfg = Release|Any CPU
		{4404611C-0B91-4041-A172-7F785BA58008}.Release|Any CPU.Build.0 = Release|Any CPU
		{E857E307-FF42-4115-81DC-5C0BB829BA53}.Debug|Any CPU.ActiveCfg = Debug|Any CPU
		{E857E307-FF42-4115-81DC-5C0BB829BA53}.Debug|Any CPU.Build.0 = Debug|Any CPU
		{E857E307-FF42-4115-81DC-5C0BB829BA53}.Release|Any CPU.ActiveCfg = Release|Any CPU
		{E857E307-FF42-4115-81DC-5C0BB829BA53}.Release|Any CPU.Build.0 = Release|Any CPU
		{8F91B1BD-97BA-4961-8CCC-DBD3D0A069B4}.Debug|Any CPU.ActiveCfg = Debug|Any CPU
		{8F91B1BD-97BA-4961-8CCC-DBD3D0A069B4}.Debug|Any CPU.Build.0 = Debug|Any CPU
		{8F91B1BD-97BA-4961-8CCC-DBD3D0A069B4}.Release|Any CPU.ActiveCfg = Release|Any CPU
		{8F91B1BD-97BA-4961-8CCC-DBD3D0A069B4}.Release|Any CPU.Build.0 = Release|Any CPU
		{BBB4939F-23F5-454E-8DA0-238E5B5510E5}.Debug|Any CPU.ActiveCfg = Debug|Any CPU
		{BBB4939F-23F5-454E-8DA0-238E5B5510E5}.Debug|Any CPU.Build.0 = Debug|Any CPU
		{BBB4939F-23F5-454E-8DA0-238E5B5510E5}.Release|Any CPU.ActiveCfg = Release|Any CPU
		{BBB4939F-23F5-454E-8DA0-238E5B5510E5}.Release|Any CPU.Build.0 = Release|Any CPU
		{2D8A5B99-6039-4BF3-AD01-D3B61A9213D7}.Debug|Any CPU.ActiveCfg = Debug|Any CPU
		{2D8A5B99-6039-4BF3-AD01-D3B61A9213D7}.Debug|Any CPU.Build.0 = Debug|Any CPU
		{2D8A5B99-6039-4BF3-AD01-D3B61A9213D7}.Release|Any CPU.ActiveCfg = Release|Any CPU
		{2D8A5B99-6039-4BF3-AD01-D3B61A9213D7}.Release|Any CPU.Build.0 = Release|Any CPU
		{F2247AF4-3EDA-4342-B387-BE7549658A26}.Debug|Any CPU.ActiveCfg = Debug|Any CPU
		{F2247AF4-3EDA-4342-B387-BE7549658A26}.Debug|Any CPU.Build.0 = Debug|Any CPU
		{F2247AF4-3EDA-4342-B387-BE7549658A26}.Release|Any CPU.ActiveCfg = Release|Any CPU
		{F2247AF4-3EDA-4342-B387-BE7549658A26}.Release|Any CPU.Build.0 = Release|Any CPU
		{1B8CBF20-A5DD-4804-ABFC-BD2BC0EC83B2}.Debug|Any CPU.ActiveCfg = Debug|Any CPU
		{1B8CBF20-A5DD-4804-ABFC-BD2BC0EC83B2}.Debug|Any CPU.Build.0 = Debug|Any CPU
		{1B8CBF20-A5DD-4804-ABFC-BD2BC0EC83B2}.Release|Any CPU.ActiveCfg = Release|Any CPU
		{1B8CBF20-A5DD-4804-ABFC-BD2BC0EC83B2}.Release|Any CPU.Build.0 = Release|Any CPU
		{3B1041E3-6AFC-4501-A18F-267B72BB750E}.Debug|Any CPU.ActiveCfg = Debug|Any CPU
		{3B1041E3-6AFC-4501-A18F-267B72BB750E}.Debug|Any CPU.Build.0 = Debug|Any CPU
		{3B1041E3-6AFC-4501-A18F-267B72BB750E}.Release|Any CPU.ActiveCfg = Release|Any CPU
		{3B1041E3-6AFC-4501-A18F-267B72BB750E}.Release|Any CPU.Build.0 = Release|Any CPU
		{DAE718F0-11E1-41D3-9E5C-0742688BD892}.Debug|Any CPU.ActiveCfg = Debug|Any CPU
		{DAE718F0-11E1-41D3-9E5C-0742688BD892}.Debug|Any CPU.Build.0 = Debug|Any CPU
		{DAE718F0-11E1-41D3-9E5C-0742688BD892}.Release|Any CPU.ActiveCfg = Release|Any CPU
		{DAE718F0-11E1-41D3-9E5C-0742688BD892}.Release|Any CPU.Build.0 = Release|Any CPU
		{B56A8381-C339-4C30-9D67-819A1A362159}.Debug|Any CPU.ActiveCfg = Debug|Any CPU
		{B56A8381-C339-4C30-9D67-819A1A362159}.Debug|Any CPU.Build.0 = Debug|Any CPU
		{B56A8381-C339-4C30-9D67-819A1A362159}.Release|Any CPU.ActiveCfg = Release|Any CPU
		{B56A8381-C339-4C30-9D67-819A1A362159}.Release|Any CPU.Build.0 = Release|Any CPU
		{C871D392-AF46-4338-ABAD-B633FE94F74A}.Debug|Any CPU.ActiveCfg = Debug|Any CPU
		{C871D392-AF46-4338-ABAD-B633FE94F74A}.Debug|Any CPU.Build.0 = Debug|Any CPU
		{C871D392-AF46-4338-ABAD-B633FE94F74A}.Release|Any CPU.ActiveCfg = Release|Any CPU
		{C871D392-AF46-4338-ABAD-B633FE94F74A}.Release|Any CPU.Build.0 = Release|Any CPU
		{C1ED7FCA-47FC-4087-92EF-5795CAC936E3}.Debug|Any CPU.ActiveCfg = Debug|Any CPU
		{C1ED7FCA-47FC-4087-92EF-5795CAC936E3}.Debug|Any CPU.Build.0 = Debug|Any CPU
		{C1ED7FCA-47FC-4087-92EF-5795CAC936E3}.Release|Any CPU.ActiveCfg = Release|Any CPU
		{C1ED7FCA-47FC-4087-92EF-5795CAC936E3}.Release|Any CPU.Build.0 = Release|Any CPU
		{07AEC0C9-9204-4216-B74B-0EC3E4F2F34E}.Debug|Any CPU.ActiveCfg = Debug|Any CPU
		{07AEC0C9-9204-4216-B74B-0EC3E4F2F34E}.Debug|Any CPU.Build.0 = Debug|Any CPU
		{07AEC0C9-9204-4216-B74B-0EC3E4F2F34E}.Release|Any CPU.ActiveCfg = Release|Any CPU
		{07AEC0C9-9204-4216-B74B-0EC3E4F2F34E}.Release|Any CPU.Build.0 = Release|Any CPU
		{4F433493-8F55-45BA-85E4-62A8FE4DDCC9}.Debug|Any CPU.ActiveCfg = Debug|Any CPU
		{4F433493-8F55-45BA-85E4-62A8FE4DDCC9}.Debug|Any CPU.Build.0 = Debug|Any CPU
		{4F433493-8F55-45BA-85E4-62A8FE4DDCC9}.Release|Any CPU.ActiveCfg = Release|Any CPU
		{4F433493-8F55-45BA-85E4-62A8FE4DDCC9}.Release|Any CPU.Build.0 = Release|Any CPU
		{CCB9FC85-1C93-4E81-81EC-83A09BD886FE}.Debug|Any CPU.ActiveCfg = Debug|Any CPU
		{CCB9FC85-1C93-4E81-81EC-83A09BD886FE}.Debug|Any CPU.Build.0 = Debug|Any CPU
		{CCB9FC85-1C93-4E81-81EC-83A09BD886FE}.Release|Any CPU.ActiveCfg = Release|Any CPU
		{CCB9FC85-1C93-4E81-81EC-83A09BD886FE}.Release|Any CPU.Build.0 = Release|Any CPU
		{C5F2BA2A-517F-43E1-A1AF-238FCD8034B6}.Debug|Any CPU.ActiveCfg = Debug|Any CPU
		{C5F2BA2A-517F-43E1-A1AF-238FCD8034B6}.Debug|Any CPU.Build.0 = Debug|Any CPU
		{C5F2BA2A-517F-43E1-A1AF-238FCD8034B6}.Release|Any CPU.ActiveCfg = Release|Any CPU
		{C5F2BA2A-517F-43E1-A1AF-238FCD8034B6}.Release|Any CPU.Build.0 = Release|Any CPU
		{B7C7FD4E-7518-4D85-B642-D8F6B5A22A94}.Debug|Any CPU.ActiveCfg = Debug|Any CPU
		{B7C7FD4E-7518-4D85-B642-D8F6B5A22A94}.Debug|Any CPU.Build.0 = Debug|Any CPU
		{B7C7FD4E-7518-4D85-B642-D8F6B5A22A94}.Release|Any CPU.ActiveCfg = Release|Any CPU
		{B7C7FD4E-7518-4D85-B642-D8F6B5A22A94}.Release|Any CPU.Build.0 = Release|Any CPU
	EndGlobalSection
	GlobalSection(SolutionProperties) = preSolution
		HideSolutionNode = FALSE
	EndGlobalSection
	GlobalSection(NestedProjects) = preSolution
		{5A33FB93-CF86-44C3-BC7D-550B94B5C8E0} = {A80C9DA8-C833-424A-99D4-0FF33BF62ADD}
		{C0B0D2CE-B4DE-4EDE-8DF7-7408EC234E7D} = {A80C9DA8-C833-424A-99D4-0FF33BF62ADD}
		{52212C30-C164-49AB-96C5-DC4384D5AD6F} = {A80C9DA8-C833-424A-99D4-0FF33BF62ADD}
		{3E8C8411-78FB-49E2-A6E3-81D2C12599B3} = {9F9F878E-EF9A-4CA4-B3BB-0D0674B6DB7C}
		{F66F4F9D-EB4C-43EB-B092-CC3BB1D1CEDE} = {9F9F878E-EF9A-4CA4-B3BB-0D0674B6DB7C}
		{F7FCCE57-ABD7-4662-853A-CCB4AA9C5541} = {9F9F878E-EF9A-4CA4-B3BB-0D0674B6DB7C}
		{C4A1DD4B-658E-4CCB-ADBD-E56B2FBC04D2} = {A80C8E93-35EF-4D51-8B3E-0FFC1163B75D}
		{4404611C-0B91-4041-A172-7F785BA58008} = {A80C8E93-35EF-4D51-8B3E-0FFC1163B75D}
		{E857E307-FF42-4115-81DC-5C0BB829BA53} = {A80C8E93-35EF-4D51-8B3E-0FFC1163B75D}
		{8F91B1BD-97BA-4961-8CCC-DBD3D0A069B4} = {A30EBB3E-BD22-41FF-82F7-7A0B830909B8}
		{BBB4939F-23F5-454E-8DA0-238E5B5510E5} = {A30EBB3E-BD22-41FF-82F7-7A0B830909B8}
		{2D8A5B99-6039-4BF3-AD01-D3B61A9213D7} = {A30EBB3E-BD22-41FF-82F7-7A0B830909B8}
		{F2247AF4-3EDA-4342-B387-BE7549658A26} = {7133BFC9-0A6A-4470-B878-AF0E699BAAE2}
		{1B8CBF20-A5DD-4804-ABFC-BD2BC0EC83B2} = {7133BFC9-0A6A-4470-B878-AF0E699BAAE2}
		{3B1041E3-6AFC-4501-A18F-267B72BB750E} = {7133BFC9-0A6A-4470-B878-AF0E699BAAE2}
		{DAE718F0-11E1-41D3-9E5C-0742688BD892} = {143DE6C2-BE59-4D70-87FA-12D9A10EF41A}
		{B56A8381-C339-4C30-9D67-819A1A362159} = {143DE6C2-BE59-4D70-87FA-12D9A10EF41A}
		{C871D392-AF46-4338-ABAD-B633FE94F74A} = {143DE6C2-BE59-4D70-87FA-12D9A10EF41A}
		{C1ED7FCA-47FC-4087-92EF-5795CAC936E3} = {5B2C6BA7-8497-4958-BBB3-FDA0887DF143}
		{07AEC0C9-9204-4216-B74B-0EC3E4F2F34E} = {5B2C6BA7-8497-4958-BBB3-FDA0887DF143}
		{4F433493-8F55-45BA-85E4-62A8FE4DDCC9} = {5B2C6BA7-8497-4958-BBB3-FDA0887DF143}
		{CCB9FC85-1C93-4E81-81EC-83A09BD886FE} = {B6969826-3C6A-4CED-92B7-92F144885FAB}
		{C5F2BA2A-517F-43E1-A1AF-238FCD8034B6} = {B6969826-3C6A-4CED-92B7-92F144885FAB}
		{B7C7FD4E-7518-4D85-B642-D8F6B5A22A94} = {B6969826-3C6A-4CED-92B7-92F144885FAB}
	EndGlobalSection
	GlobalSection(ExtensibilityGlobals) = postSolution
		SolutionGuid = {A8E4A648-8805-40B7-BD85-49C217F6EC68}
	EndGlobalSection
EndGlobal
